// !$*UTF8*$!
{
	archiveVersion = 1;
	classes = {
	};
	objectVersion = 46;
	objects = {

/* Begin PBXBuildFile section */
		7F8F93CAA779F8A24A75416F /* Pods_MoviesNYTReviewsUITests.framework in Frameworks */ = {isa = PBXBuildFile; fileRef = 0549391C5D791C8230E1A945 /* Pods_MoviesNYTReviewsUITests.framework */; };
		B81F31A7907D6C23A40486F8 /* Pods_MoviesNYTReviews.framework in Frameworks */ = {isa = PBXBuildFile; fileRef = D757674A240B9F955009941E /* Pods_MoviesNYTReviews.framework */; };
		CE69F981D0038292DC43C900 /* Pods_MoviesNYTReviewsTests.framework in Frameworks */ = {isa = PBXBuildFile; fileRef = E0DC977F9D1170573810A487 /* Pods_MoviesNYTReviewsTests.framework */; };
		EB0A0EDF1DFEFEF500681770 /* HomeVC.swift in Sources */ = {isa = PBXBuildFile; fileRef = EB0A0EDE1DFEFEF500681770 /* HomeVC.swift */; };
		EB0A0EE21DFF017700681770 /* MovieListCell.swift in Sources */ = {isa = PBXBuildFile; fileRef = EB0A0EE01DFF017700681770 /* MovieListCell.swift */; };
		EBF89A531DFECC0E00EC72D6 /* AppDelegate.swift in Sources */ = {isa = PBXBuildFile; fileRef = EBF89A521DFECC0E00EC72D6 /* AppDelegate.swift */; };
		EBF89A581DFECC0E00EC72D6 /* Main.storyboard in Resources */ = {isa = PBXBuildFile; fileRef = EBF89A561DFECC0E00EC72D6 /* Main.storyboard */; };
		EBF89A5B1DFECC0E00EC72D6 /* MoviesNYTReviews.xcdatamodeld in Sources */ = {isa = PBXBuildFile; fileRef = EBF89A591DFECC0E00EC72D6 /* MoviesNYTReviews.xcdatamodeld */; };
		EBF89A5D1DFECC0E00EC72D6 /* Assets.xcassets in Resources */ = {isa = PBXBuildFile; fileRef = EBF89A5C1DFECC0E00EC72D6 /* Assets.xcassets */; };
		EBF89A601DFECC0E00EC72D6 /* LaunchScreen.storyboard in Resources */ = {isa = PBXBuildFile; fileRef = EBF89A5E1DFECC0E00EC72D6 /* LaunchScreen.storyboard */; };
		EBF89A6B1DFECC0F00EC72D6 /* MoviesNYTReviewsTests.swift in Sources */ = {isa = PBXBuildFile; fileRef = EBF89A6A1DFECC0F00EC72D6 /* MoviesNYTReviewsTests.swift */; };
		EBF89A761DFECC0F00EC72D6 /* MoviesNYTReviewsUITests.swift in Sources */ = {isa = PBXBuildFile; fileRef = EBF89A751DFECC0F00EC72D6 /* MoviesNYTReviewsUITests.swift */; };
/* End PBXBuildFile section */

/* Begin PBXContainerItemProxy section */
		EBF89A671DFECC0F00EC72D6 /* PBXContainerItemProxy */ = {
			isa = PBXContainerItemProxy;
			containerPortal = EBF89A471DFECC0E00EC72D6 /* Project object */;
			proxyType = 1;
			remoteGlobalIDString = EBF89A4E1DFECC0E00EC72D6;
			remoteInfo = MoviesNYTReviews;
		};
		EBF89A721DFECC0F00EC72D6 /* PBXContainerItemProxy */ = {
			isa = PBXContainerItemProxy;
			containerPortal = EBF89A471DFECC0E00EC72D6 /* Project object */;
			proxyType = 1;
			remoteGlobalIDString = EBF89A4E1DFECC0E00EC72D6;
			remoteInfo = MoviesNYTReviews;
		};
/* End PBXContainerItemProxy section */

/* Begin PBXFileReference section */
		0549391C5D791C8230E1A945 /* Pods_MoviesNYTReviewsUITests.framework */ = {isa = PBXFileReference; explicitFileType = wrapper.framework; includeInIndex = 0; path = Pods_MoviesNYTReviewsUITests.framework; sourceTree = BUILT_PRODUCTS_DIR; };
		086BF4B5EA6B2773649DD184 /* Pods-MoviesNYTReviewsUITests.release.xcconfig */ = {isa = PBXFileReference; includeInIndex = 1; lastKnownFileType = text.xcconfig; name = "Pods-MoviesNYTReviewsUITests.release.xcconfig"; path = "Pods/Target Support Files/Pods-MoviesNYTReviewsUITests/Pods-MoviesNYTReviewsUITests.release.xcconfig"; sourceTree = "<group>"; };
		36A8F7118B8EF68D217D3103 /* Pods-MoviesNYTReviewsTests.debug.xcconfig */ = {isa = PBXFileReference; includeInIndex = 1; lastKnownFileType = text.xcconfig; name = "Pods-MoviesNYTReviewsTests.debug.xcconfig"; path = "Pods/Target Support Files/Pods-MoviesNYTReviewsTests/Pods-MoviesNYTReviewsTests.debug.xcconfig"; sourceTree = "<group>"; };
		848429F278145BD1AFB4D0F6 /* Pods-MoviesNYTReviews.release.xcconfig */ = {isa = PBXFileReference; includeInIndex = 1; lastKnownFileType = text.xcconfig; name = "Pods-MoviesNYTReviews.release.xcconfig"; path = "Pods/Target Support Files/Pods-MoviesNYTReviews/Pods-MoviesNYTReviews.release.xcconfig"; sourceTree = "<group>"; };
		D757674A240B9F955009941E /* Pods_MoviesNYTReviews.framework */ = {isa = PBXFileReference; explicitFileType = wrapper.framework; includeInIndex = 0; path = Pods_MoviesNYTReviews.framework; sourceTree = BUILT_PRODUCTS_DIR; };
		D95795FCE77119383C6171CE /* Pods-MoviesNYTReviewsTests.release.xcconfig */ = {isa = PBXFileReference; includeInIndex = 1; lastKnownFileType = text.xcconfig; name = "Pods-MoviesNYTReviewsTests.release.xcconfig"; path = "Pods/Target Support Files/Pods-MoviesNYTReviewsTests/Pods-MoviesNYTReviewsTests.release.xcconfig"; sourceTree = "<group>"; };
		E0DC977F9D1170573810A487 /* Pods_MoviesNYTReviewsTests.framework */ = {isa = PBXFileReference; explicitFileType = wrapper.framework; includeInIndex = 0; path = Pods_MoviesNYTReviewsTests.framework; sourceTree = BUILT_PRODUCTS_DIR; };
		EB0A0EDE1DFEFEF500681770 /* HomeVC.swift */ = {isa = PBXFileReference; fileEncoding = 4; lastKnownFileType = sourcecode.swift; path = HomeVC.swift; sourceTree = "<group>"; };
		EB0A0EE01DFF017700681770 /* MovieListCell.swift */ = {isa = PBXFileReference; fileEncoding = 4; lastKnownFileType = sourcecode.swift; path = MovieListCell.swift; sourceTree = "<group>"; };
		EBF89A4F1DFECC0E00EC72D6 /* MoviesNYTReviews.app */ = {isa = PBXFileReference; explicitFileType = wrapper.application; includeInIndex = 0; path = MoviesNYTReviews.app; sourceTree = BUILT_PRODUCTS_DIR; };
		EBF89A521DFECC0E00EC72D6 /* AppDelegate.swift */ = {isa = PBXFileReference; lastKnownFileType = sourcecode.swift; path = AppDelegate.swift; sourceTree = "<group>"; };
		EBF89A571DFECC0E00EC72D6 /* Base */ = {isa = PBXFileReference; lastKnownFileType = file.storyboard; name = Base; path = Base.lproj/Main.storyboard; sourceTree = "<group>"; };
		EBF89A5A1DFECC0E00EC72D6 /* MoviesNYTReviews.xcdatamodel */ = {isa = PBXFileReference; lastKnownFileType = wrapper.xcdatamodel; path = MoviesNYTReviews.xcdatamodel; sourceTree = "<group>"; };
		EBF89A5C1DFECC0E00EC72D6 /* Assets.xcassets */ = {isa = PBXFileReference; lastKnownFileType = folder.assetcatalog; path = Assets.xcassets; sourceTree = "<group>"; };
		EBF89A5F1DFECC0E00EC72D6 /* Base */ = {isa = PBXFileReference; lastKnownFileType = file.storyboard; name = Base; path = Base.lproj/LaunchScreen.storyboard; sourceTree = "<group>"; };
		EBF89A611DFECC0E00EC72D6 /* Info.plist */ = {isa = PBXFileReference; lastKnownFileType = text.plist.xml; path = Info.plist; sourceTree = "<group>"; };
		EBF89A661DFECC0F00EC72D6 /* MoviesNYTReviewsTests.xctest */ = {isa = PBXFileReference; explicitFileType = wrapper.cfbundle; includeInIndex = 0; path = MoviesNYTReviewsTests.xctest; sourceTree = BUILT_PRODUCTS_DIR; };
		EBF89A6A1DFECC0F00EC72D6 /* MoviesNYTReviewsTests.swift */ = {isa = PBXFileReference; lastKnownFileType = sourcecode.swift; path = MoviesNYTReviewsTests.swift; sourceTree = "<group>"; };
		EBF89A6C1DFECC0F00EC72D6 /* Info.plist */ = {isa = PBXFileReference; lastKnownFileType = text.plist.xml; path = Info.plist; sourceTree = "<group>"; };
		EBF89A711DFECC0F00EC72D6 /* MoviesNYTReviewsUITests.xctest */ = {isa = PBXFileReference; explicitFileType = wrapper.cfbundle; includeInIndex = 0; path = MoviesNYTReviewsUITests.xctest; sourceTree = BUILT_PRODUCTS_DIR; };
		EBF89A751DFECC0F00EC72D6 /* MoviesNYTReviewsUITests.swift */ = {isa = PBXFileReference; lastKnownFileType = sourcecode.swift; path = MoviesNYTReviewsUITests.swift; sourceTree = "<group>"; };
		EBF89A771DFECC0F00EC72D6 /* Info.plist */ = {isa = PBXFileReference; lastKnownFileType = text.plist.xml; path = Info.plist; sourceTree = "<group>"; };
		F9765557891935B302459216 /* Pods-MoviesNYTReviews.debug.xcconfig */ = {isa = PBXFileReference; includeInIndex = 1; lastKnownFileType = text.xcconfig; name = "Pods-MoviesNYTReviews.debug.xcconfig"; path = "Pods/Target Support Files/Pods-MoviesNYTReviews/Pods-MoviesNYTReviews.debug.xcconfig"; sourceTree = "<group>"; };
		FB0F3EEC5E59527C7C707385 /* Pods-MoviesNYTReviewsUITests.debug.xcconfig */ = {isa = PBXFileReference; includeInIndex = 1; lastKnownFileType = text.xcconfig; name = "Pods-MoviesNYTReviewsUITests.debug.xcconfig"; path = "Pods/Target Support Files/Pods-MoviesNYTReviewsUITests/Pods-MoviesNYTReviewsUITests.debug.xcconfig"; sourceTree = "<group>"; };
/* End PBXFileReference section */

/* Begin PBXFrameworksBuildPhase section */
		EBF89A4C1DFECC0E00EC72D6 /* Frameworks */ = {
			isa = PBXFrameworksBuildPhase;
			buildActionMask = 2147483647;
			files = (
				B81F31A7907D6C23A40486F8 /* Pods_MoviesNYTReviews.framework in Frameworks */,
			);
			runOnlyForDeploymentPostprocessing = 0;
		};
		EBF89A631DFECC0F00EC72D6 /* Frameworks */ = {
			isa = PBXFrameworksBuildPhase;
			buildActionMask = 2147483647;
			files = (
				CE69F981D0038292DC43C900 /* Pods_MoviesNYTReviewsTests.framework in Frameworks */,
			);
			runOnlyForDeploymentPostprocessing = 0;
		};
		EBF89A6E1DFECC0F00EC72D6 /* Frameworks */ = {
			isa = PBXFrameworksBuildPhase;
			buildActionMask = 2147483647;
			files = (
				7F8F93CAA779F8A24A75416F /* Pods_MoviesNYTReviewsUITests.framework in Frameworks */,
			);
			runOnlyForDeploymentPostprocessing = 0;
		};
/* End PBXFrameworksBuildPhase section */

/* Begin PBXGroup section */
		987E54D1E807DE72125CA38C /* Frameworks */ = {
			isa = PBXGroup;
			children = (
				D757674A240B9F955009941E /* Pods_MoviesNYTReviews.framework */,
				E0DC977F9D1170573810A487 /* Pods_MoviesNYTReviewsTests.framework */,
				0549391C5D791C8230E1A945 /* Pods_MoviesNYTReviewsUITests.framework */,
			);
			name = Frameworks;
			sourceTree = "<group>";
		};
		E35A2DADFEC82FC533D3DB50 /* Pods */ = {
			isa = PBXGroup;
			children = (
				F9765557891935B302459216 /* Pods-MoviesNYTReviews.debug.xcconfig */,
				848429F278145BD1AFB4D0F6 /* Pods-MoviesNYTReviews.release.xcconfig */,
				36A8F7118B8EF68D217D3103 /* Pods-MoviesNYTReviewsTests.debug.xcconfig */,
				D95795FCE77119383C6171CE /* Pods-MoviesNYTReviewsTests.release.xcconfig */,
				FB0F3EEC5E59527C7C707385 /* Pods-MoviesNYTReviewsUITests.debug.xcconfig */,
				086BF4B5EA6B2773649DD184 /* Pods-MoviesNYTReviewsUITests.release.xcconfig */,
			);
			name = Pods;
			sourceTree = "<group>";
		};
		EBF89A461DFECC0E00EC72D6 = {
			isa = PBXGroup;
			children = (
				EBF89A511DFECC0E00EC72D6 /* MoviesNYTReviews */,
				EBF89A691DFECC0F00EC72D6 /* MoviesNYTReviewsTests */,
				EBF89A741DFECC0F00EC72D6 /* MoviesNYTReviewsUITests */,
				EBF89A501DFECC0E00EC72D6 /* Products */,
				E35A2DADFEC82FC533D3DB50 /* Pods */,
				987E54D1E807DE72125CA38C /* Frameworks */,
			);
			sourceTree = "<group>";
		};
		EBF89A501DFECC0E00EC72D6 /* Products */ = {
			isa = PBXGroup;
			children = (
				EBF89A4F1DFECC0E00EC72D6 /* MoviesNYTReviews.app */,
				EBF89A661DFECC0F00EC72D6 /* MoviesNYTReviewsTests.xctest */,
				EBF89A711DFECC0F00EC72D6 /* MoviesNYTReviewsUITests.xctest */,
			);
			name = Products;
			sourceTree = "<group>";
		};
		EBF89A511DFECC0E00EC72D6 /* MoviesNYTReviews */ = {
			isa = PBXGroup;
			children = (
				EBF89A521DFECC0E00EC72D6 /* AppDelegate.swift */,
				EB0A0EDE1DFEFEF500681770 /* HomeVC.swift */,
				EB0A0EE01DFF017700681770 /* MovieListCell.swift */,
				EBF89A561DFECC0E00EC72D6 /* Main.storyboard */,
				EBF89A5C1DFECC0E00EC72D6 /* Assets.xcassets */,
				EBF89A5E1DFECC0E00EC72D6 /* LaunchScreen.storyboard */,
				EBF89A611DFECC0E00EC72D6 /* Info.plist */,
				EBF89A591DFECC0E00EC72D6 /* MoviesNYTReviews.xcdatamodeld */,
			);
			path = MoviesNYTReviews;
			sourceTree = "<group>";
		};
		EBF89A691DFECC0F00EC72D6 /* MoviesNYTReviewsTests */ = {
			isa = PBXGroup;
			children = (
				EBF89A6A1DFECC0F00EC72D6 /* MoviesNYTReviewsTests.swift */,
				EBF89A6C1DFECC0F00EC72D6 /* Info.plist */,
			);
			path = MoviesNYTReviewsTests;
			sourceTree = "<group>";
		};
		EBF89A741DFECC0F00EC72D6 /* MoviesNYTReviewsUITests */ = {
			isa = PBXGroup;
			children = (
				EBF89A751DFECC0F00EC72D6 /* MoviesNYTReviewsUITests.swift */,
				EBF89A771DFECC0F00EC72D6 /* Info.plist */,
			);
			path = MoviesNYTReviewsUITests;
			sourceTree = "<group>";
		};
/* End PBXGroup section */

/* Begin PBXNativeTarget section */
		EBF89A4E1DFECC0E00EC72D6 /* MoviesNYTReviews */ = {
			isa = PBXNativeTarget;
			buildConfigurationList = EBF89A7A1DFECC0F00EC72D6 /* Build configuration list for PBXNativeTarget "MoviesNYTReviews" */;
			buildPhases = (
				E88CFDC57C2C5D3FEB14F473 /* 📦 Check Pods Manifest.lock */,
				EBF89A4B1DFECC0E00EC72D6 /* Sources */,
				EBF89A4C1DFECC0E00EC72D6 /* Frameworks */,
				EBF89A4D1DFECC0E00EC72D6 /* Resources */,
				7737C110CD6157611F287CAC /* 📦 Embed Pods Frameworks */,
				AC9642F24D4F980A468640F4 /* 📦 Copy Pods Resources */,
			);
			buildRules = (
			);
			dependencies = (
			);
			name = MoviesNYTReviews;
			productName = MoviesNYTReviews;
			productReference = EBF89A4F1DFECC0E00EC72D6 /* MoviesNYTReviews.app */;
			productType = "com.apple.product-type.application";
		};
		EBF89A651DFECC0F00EC72D6 /* MoviesNYTReviewsTests */ = {
			isa = PBXNativeTarget;
			buildConfigurationList = EBF89A7D1DFECC0F00EC72D6 /* Build configuration list for PBXNativeTarget "MoviesNYTReviewsTests" */;
			buildPhases = (
				5B2C6D24060B9C15EC5CD5D8 /* 📦 Check Pods Manifest.lock */,
				EBF89A621DFECC0F00EC72D6 /* Sources */,
				EBF89A631DFECC0F00EC72D6 /* Frameworks */,
				EBF89A641DFECC0F00EC72D6 /* Resources */,
				2227AC9A8C29494C9FD49DA1 /* 📦 Embed Pods Frameworks */,
				60B8C18D9B554F89C90A695F /* 📦 Copy Pods Resources */,
			);
			buildRules = (
			);
			dependencies = (
				EBF89A681DFECC0F00EC72D6 /* PBXTargetDependency */,
			);
			name = MoviesNYTReviewsTests;
			productName = MoviesNYTReviewsTests;
			productReference = EBF89A661DFECC0F00EC72D6 /* MoviesNYTReviewsTests.xctest */;
			productType = "com.apple.product-type.bundle.unit-test";
		};
		EBF89A701DFECC0F00EC72D6 /* MoviesNYTReviewsUITests */ = {
			isa = PBXNativeTarget;
			buildConfigurationList = EBF89A801DFECC0F00EC72D6 /* Build configuration list for PBXNativeTarget "MoviesNYTReviewsUITests" */;
			buildPhases = (
				54DD6B99A0803082A97FD397 /* 📦 Check Pods Manifest.lock */,
				EBF89A6D1DFECC0F00EC72D6 /* Sources */,
				EBF89A6E1DFECC0F00EC72D6 /* Frameworks */,
				EBF89A6F1DFECC0F00EC72D6 /* Resources */,
				9BF05F494BD0CCA964A557B2 /* 📦 Copy Pods Resources */,
			);
			buildRules = (
			);
			dependencies = (
				EBF89A731DFECC0F00EC72D6 /* PBXTargetDependency */,
			);
			name = MoviesNYTReviewsUITests;
			productName = MoviesNYTReviewsUITests;
			productReference = EBF89A711DFECC0F00EC72D6 /* MoviesNYTReviewsUITests.xctest */;
			productType = "com.apple.product-type.bundle.ui-testing";
		};
/* End PBXNativeTarget section */

/* Begin PBXProject section */
		EBF89A471DFECC0E00EC72D6 /* Project object */ = {
			isa = PBXProject;
			attributes = {
				LastSwiftUpdateCheck = 0810;
				LastUpgradeCheck = 0810;
				ORGANIZATIONNAME = Sandra;
				TargetAttributes = {
					EBF89A4E1DFECC0E00EC72D6 = {
						CreatedOnToolsVersion = 8.1;
						DevelopmentTeam = S9U63P9Q69;
						ProvisioningStyle = Automatic;
					};
					EBF89A651DFECC0F00EC72D6 = {
						CreatedOnToolsVersion = 8.1;
						ProvisioningStyle = Automatic;
						TestTargetID = EBF89A4E1DFECC0E00EC72D6;
					};
					EBF89A701DFECC0F00EC72D6 = {
						CreatedOnToolsVersion = 8.1;
						ProvisioningStyle = Automatic;
						TestTargetID = EBF89A4E1DFECC0E00EC72D6;
					};
				};
			};
			buildConfigurationList = EBF89A4A1DFECC0E00EC72D6 /* Build configuration list for PBXProject "MoviesNYTReviews" */;
			compatibilityVersion = "Xcode 3.2";
			developmentRegion = English;
			hasScannedForEncodings = 0;
			knownRegions = (
				en,
				Base,
			);
			mainGroup = EBF89A461DFECC0E00EC72D6;
			productRefGroup = EBF89A501DFECC0E00EC72D6 /* Products */;
			projectDirPath = "";
			projectRoot = "";
			targets = (
				EBF89A4E1DFECC0E00EC72D6 /* MoviesNYTReviews */,
				EBF89A651DFECC0F00EC72D6 /* MoviesNYTReviewsTests */,
				EBF89A701DFECC0F00EC72D6 /* MoviesNYTReviewsUITests */,
			);
		};
/* End PBXProject section */

/* Begin PBXResourcesBuildPhase section */
		EBF89A4D1DFECC0E00EC72D6 /* Resources */ = {
			isa = PBXResourcesBuildPhase;
			buildActionMask = 2147483647;
			files = (
				EBF89A601DFECC0E00EC72D6 /* LaunchScreen.storyboard in Resources */,
				EBF89A5D1DFECC0E00EC72D6 /* Assets.xcassets in Resources */,
				EBF89A581DFECC0E00EC72D6 /* Main.storyboard in Resources */,
			);
			runOnlyForDeploymentPostprocessing = 0;
		};
		EBF89A641DFECC0F00EC72D6 /* Resources */ = {
			isa = PBXResourcesBuildPhase;
			buildActionMask = 2147483647;
			files = (
			);
			runOnlyForDeploymentPostprocessing = 0;
		};
		EBF89A6F1DFECC0F00EC72D6 /* Resources */ = {
			isa = PBXResourcesBuildPhase;
			buildActionMask = 2147483647;
			files = (
			);
			runOnlyForDeploymentPostprocessing = 0;
		};
/* End PBXResourcesBuildPhase section */

/* Begin PBXShellScriptBuildPhase section */
		2227AC9A8C29494C9FD49DA1 /* 📦 Embed Pods Frameworks */ = {
			isa = PBXShellScriptBuildPhase;
			buildActionMask = 2147483647;
			files = (
			);
			inputPaths = (
			);
			name = "📦 Embed Pods Frameworks";
			outputPaths = (
			);
			runOnlyForDeploymentPostprocessing = 0;
			shellPath = /bin/sh;
			shellScript = "\"${SRCROOT}/Pods/Target Support Files/Pods-MoviesNYTReviewsTests/Pods-MoviesNYTReviewsTests-frameworks.sh\"\n";
			showEnvVarsInLog = 0;
		};
		54DD6B99A0803082A97FD397 /* 📦 Check Pods Manifest.lock */ = {
			isa = PBXShellScriptBuildPhase;
			buildActionMask = 2147483647;
			files = (
			);
			inputPaths = (
			);
			name = "📦 Check Pods Manifest.lock";
			outputPaths = (
			);
			runOnlyForDeploymentPostprocessing = 0;
			shellPath = /bin/sh;
			shellScript = "diff \"${PODS_ROOT}/../Podfile.lock\" \"${PODS_ROOT}/Manifest.lock\" > /dev/null\nif [[ $? != 0 ]] ; then\n    cat << EOM\nerror: The sandbox is not in sync with the Podfile.lock. Run 'pod install' or update your CocoaPods installation.\nEOM\n    exit 1\nfi\n";
			showEnvVarsInLog = 0;
		};
		5B2C6D24060B9C15EC5CD5D8 /* 📦 Check Pods Manifest.lock */ = {
			isa = PBXShellScriptBuildPhase;
			buildActionMask = 2147483647;
			files = (
			);
			inputPaths = (
			);
			name = "📦 Check Pods Manifest.lock";
			outputPaths = (
			);
			runOnlyForDeploymentPostprocessing = 0;
			shellPath = /bin/sh;
			shellScript = "diff \"${PODS_ROOT}/../Podfile.lock\" \"${PODS_ROOT}/Manifest.lock\" > /dev/null\nif [[ $? != 0 ]] ; then\n    cat << EOM\nerror: The sandbox is not in sync with the Podfile.lock. Run 'pod install' or update your CocoaPods installation.\nEOM\n    exit 1\nfi\n";
			showEnvVarsInLog = 0;
		};
		60B8C18D9B554F89C90A695F /* 📦 Copy Pods Resources */ = {
			isa = PBXShellScriptBuildPhase;
			buildActionMask = 2147483647;
			files = (
			);
			inputPaths = (
			);
			name = "📦 Copy Pods Resources";
			outputPaths = (
			);
			runOnlyForDeploymentPostprocessing = 0;
			shellPath = /bin/sh;
			shellScript = "\"${SRCROOT}/Pods/Target Support Files/Pods-MoviesNYTReviewsTests/Pods-MoviesNYTReviewsTests-resources.sh\"\n";
			showEnvVarsInLog = 0;
		};
		7737C110CD6157611F287CAC /* 📦 Embed Pods Frameworks */ = {
			isa = PBXShellScriptBuildPhase;
			buildActionMask = 2147483647;
			files = (
			);
			inputPaths = (
			);
			name = "📦 Embed Pods Frameworks";
			outputPaths = (
			);
			runOnlyForDeploymentPostprocessing = 0;
			shellPath = /bin/sh;
			shellScript = "\"${SRCROOT}/Pods/Target Support Files/Pods-MoviesNYTReviews/Pods-MoviesNYTReviews-frameworks.sh\"\n";
			showEnvVarsInLog = 0;
		};
		9BF05F494BD0CCA964A557B2 /* 📦 Copy Pods Resources */ = {
			isa = PBXShellScriptBuildPhase;
			buildActionMask = 2147483647;
			files = (
			);
			inputPaths = (
			);
			name = "📦 Copy Pods Resources";
			outputPaths = (
			);
			runOnlyForDeploymentPostprocessing = 0;
			shellPath = /bin/sh;
			shellScript = "\"${SRCROOT}/Pods/Target Support Files/Pods-MoviesNYTReviewsUITests/Pods-MoviesNYTReviewsUITests-resources.sh\"\n";
			showEnvVarsInLog = 0;
		};
		AC9642F24D4F980A468640F4 /* 📦 Copy Pods Resources */ = {
			isa = PBXShellScriptBuildPhase;
			buildActionMask = 2147483647;
			files = (
			);
			inputPaths = (
			);
			name = "📦 Copy Pods Resources";
			outputPaths = (
			);
			runOnlyForDeploymentPostprocessing = 0;
			shellPath = /bin/sh;
			shellScript = "\"${SRCROOT}/Pods/Target Support Files/Pods-MoviesNYTReviews/Pods-MoviesNYTReviews-resources.sh\"\n";
			showEnvVarsInLog = 0;
		};
		E88CFDC57C2C5D3FEB14F473 /* 📦 Check Pods Manifest.lock */ = {
			isa = PBXShellScriptBuildPhase;
			buildActionMask = 2147483647;
			files = (
			);
			inputPaths = (
			);
			name = "📦 Check Pods Manifest.lock";
			outputPaths = (
			);
			runOnlyForDeploymentPostprocessing = 0;
			shellPath = /bin/sh;
			shellScript = "diff \"${PODS_ROOT}/../Podfile.lock\" \"${PODS_ROOT}/Manifest.lock\" > /dev/null\nif [[ $? != 0 ]] ; then\n    cat << EOM\nerror: The sandbox is not in sync with the Podfile.lock. Run 'pod install' or update your CocoaPods installation.\nEOM\n    exit 1\nfi\n";
			showEnvVarsInLog = 0;
		};
/* End PBXShellScriptBuildPhase section */

/* Begin PBXSourcesBuildPhase section */
		EBF89A4B1DFECC0E00EC72D6 /* Sources */ = {
			isa = PBXSourcesBuildPhase;
			buildActionMask = 2147483647;
			files = (
				EBF89A5B1DFECC0E00EC72D6 /* MoviesNYTReviews.xcdatamodeld in Sources */,
				EB0A0EDF1DFEFEF500681770 /* HomeVC.swift in Sources */,
				EB0A0EE21DFF017700681770 /* MovieListCell.swift in Sources */,
				EBF89A531DFECC0E00EC72D6 /* AppDelegate.swift in Sources */,
			);
			runOnlyForDeploymentPostprocessing = 0;
		};
		EBF89A621DFECC0F00EC72D6 /* Sources */ = {
			isa = PBXSourcesBuildPhase;
			buildActionMask = 2147483647;
			files = (
				EBF89A6B1DFECC0F00EC72D6 /* MoviesNYTReviewsTests.swift in Sources */,
			);
			runOnlyForDeploymentPostprocessing = 0;
		};
		EBF89A6D1DFECC0F00EC72D6 /* Sources */ = {
			isa = PBXSourcesBuildPhase;
			buildActionMask = 2147483647;
			files = (
				EBF89A761DFECC0F00EC72D6 /* MoviesNYTReviewsUITests.swift in Sources */,
			);
			runOnlyForDeploymentPostprocessing = 0;
		};
/* End PBXSourcesBuildPhase section */

/* Begin PBXTargetDependency section */
		EBF89A681DFECC0F00EC72D6 /* PBXTargetDependency */ = {
			isa = PBXTargetDependency;
			target = EBF89A4E1DFECC0E00EC72D6 /* MoviesNYTReviews */;
			targetProxy = EBF89A671DFECC0F00EC72D6 /* PBXContainerItemProxy */;
		};
		EBF89A731DFECC0F00EC72D6 /* PBXTargetDependency */ = {
			isa = PBXTargetDependency;
			target = EBF89A4E1DFECC0E00EC72D6 /* MoviesNYTReviews */;
			targetProxy = EBF89A721DFECC0F00EC72D6 /* PBXContainerItemProxy */;
		};
/* End PBXTargetDependency section */

/* Begin PBXVariantGroup section */
		EBF89A561DFECC0E00EC72D6 /* Main.storyboard */ = {
			isa = PBXVariantGroup;
			children = (
				EBF89A571DFECC0E00EC72D6 /* Base */,
			);
			name = Main.storyboard;
			sourceTree = "<group>";
		};
		EBF89A5E1DFECC0E00EC72D6 /* LaunchScreen.storyboard */ = {
			isa = PBXVariantGroup;
			children = (
				EBF89A5F1DFECC0E00EC72D6 /* Base */,
			);
			name = LaunchScreen.storyboard;
			sourceTree = "<group>";
		};
/* End PBXVariantGroup section */

/* Begin XCBuildConfiguration section */
		EBF89A781DFECC0F00EC72D6 /* Debug */ = {
			isa = XCBuildConfiguration;
			buildSettings = {
				ALWAYS_SEARCH_USER_PATHS = NO;
				CLANG_ANALYZER_NONNULL = YES;
				CLANG_CXX_LANGUAGE_STANDARD = "gnu++0x";
				CLANG_CXX_LIBRARY = "libc++";
				CLANG_ENABLE_MODULES = YES;
				CLANG_ENABLE_OBJC_ARC = YES;
				CLANG_WARN_BOOL_CONVERSION = YES;
				CLANG_WARN_CONSTANT_CONVERSION = YES;
				CLANG_WARN_DIRECT_OBJC_ISA_USAGE = YES_ERROR;
				CLANG_WARN_DOCUMENTATION_COMMENTS = YES;
				CLANG_WARN_EMPTY_BODY = YES;
				CLANG_WARN_ENUM_CONVERSION = YES;
				CLANG_WARN_INFINITE_RECURSION = YES;
				CLANG_WARN_INT_CONVERSION = YES;
				CLANG_WARN_OBJC_ROOT_CLASS = YES_ERROR;
				CLANG_WARN_SUSPICIOUS_MOVES = YES;
				CLANG_WARN_UNREACHABLE_CODE = YES;
				CLANG_WARN__DUPLICATE_METHOD_MATCH = YES;
				"CODE_SIGN_IDENTITY[sdk=iphoneos*]" = "iPhone Developer";
				COPY_PHASE_STRIP = NO;
				DEBUG_INFORMATION_FORMAT = dwarf;
				ENABLE_STRICT_OBJC_MSGSEND = YES;
				ENABLE_TESTABILITY = YES;
				GCC_C_LANGUAGE_STANDARD = gnu99;
				GCC_DYNAMIC_NO_PIC = NO;
				GCC_NO_COMMON_BLOCKS = YES;
				GCC_OPTIMIZATION_LEVEL = 0;
				GCC_PREPROCESSOR_DEFINITIONS = (
					"DEBUG=1",
					"$(inherited)",
				);
				GCC_WARN_64_TO_32_BIT_CONVERSION = YES;
				GCC_WARN_ABOUT_RETURN_TYPE = YES_ERROR;
				GCC_WARN_UNDECLARED_SELECTOR = YES;
				GCC_WARN_UNINITIALIZED_AUTOS = YES_AGGRESSIVE;
				GCC_WARN_UNUSED_FUNCTION = YES;
				GCC_WARN_UNUSED_VARIABLE = YES;
				IPHONEOS_DEPLOYMENT_TARGET = 10.1;
				MTL_ENABLE_DEBUG_INFO = YES;
				ONLY_ACTIVE_ARCH = YES;
				SDKROOT = iphoneos;
				SWIFT_ACTIVE_COMPILATION_CONDITIONS = DEBUG;
				SWIFT_OPTIMIZATION_LEVEL = "-Onone";
				TARGETED_DEVICE_FAMILY = "1,2";
			};
			name = Debug;
		};
		EBF89A791DFECC0F00EC72D6 /* Release */ = {
			isa = XCBuildConfiguration;
			buildSettings = {
				ALWAYS_SEARCH_USER_PATHS = NO;
				CLANG_ANALYZER_NONNULL = YES;
				CLANG_CXX_LANGUAGE_STANDARD = "gnu++0x";
				CLANG_CXX_LIBRARY = "libc++";
				CLANG_ENABLE_MODULES = YES;
				CLANG_ENABLE_OBJC_ARC = YES;
				CLANG_WARN_BOOL_CONVERSION = YES;
				CLANG_WARN_CONSTANT_CONVERSION = YES;
				CLANG_WARN_DIRECT_OBJC_ISA_USAGE = YES_ERROR;
				CLANG_WARN_DOCUMENTATION_COMMENTS = YES;
				CLANG_WARN_EMPTY_BODY = YES;
				CLANG_WARN_ENUM_CONVERSION = YES;
				CLANG_WARN_INFINITE_RECURSION = YES;
				CLANG_WARN_INT_CONVERSION = YES;
				CLANG_WARN_OBJC_ROOT_CLASS = YES_ERROR;
				CLANG_WARN_SUSPICIOUS_MOVES = YES;
				CLANG_WARN_UNREACHABLE_CODE = YES;
				CLANG_WARN__DUPLICATE_METHOD_MATCH = YES;
				"CODE_SIGN_IDENTITY[sdk=iphoneos*]" = "iPhone Developer";
				COPY_PHASE_STRIP = NO;
				DEBUG_INFORMATION_FORMAT = "dwarf-with-dsym";
				ENABLE_NS_ASSERTIONS = NO;
				ENABLE_STRICT_OBJC_MSGSEND = YES;
				GCC_C_LANGUAGE_STANDARD = gnu99;
				GCC_NO_COMMON_BLOCKS = YES;
				GCC_WARN_64_TO_32_BIT_CONVERSION = YES;
				GCC_WARN_ABOUT_RETURN_TYPE = YES_ERROR;
				GCC_WARN_UNDECLARED_SELECTOR = YES;
				GCC_WARN_UNINITIALIZED_AUTOS = YES_AGGRESSIVE;
				GCC_WARN_UNUSED_FUNCTION = YES;
				GCC_WARN_UNUSED_VARIABLE = YES;
				IPHONEOS_DEPLOYMENT_TARGET = 10.1;
				MTL_ENABLE_DEBUG_INFO = NO;
				SDKROOT = iphoneos;
				SWIFT_OPTIMIZATION_LEVEL = "-Owholemodule";
				TARGETED_DEVICE_FAMILY = "1,2";
				VALIDATE_PRODUCT = YES;
			};
			name = Release;
		};
		EBF89A7B1DFECC0F00EC72D6 /* Debug */ = {
			isa = XCBuildConfiguration;
			baseConfigurationReference = F9765557891935B302459216 /* Pods-MoviesNYTReviews.debug.xcconfig */;
			buildSettings = {
				ASSETCATALOG_COMPILER_APPICON_NAME = AppIcon;
				DEVELOPMENT_TEAM = S9U63P9Q69;
				INFOPLIST_FILE = MoviesNYTReviews/Info.plist;
				IPHONEOS_DEPLOYMENT_TARGET = 9.0;
				LD_RUNPATH_SEARCH_PATHS = "$(inherited) @executable_path/Frameworks";
				PRODUCT_BUNDLE_IDENTIFIER = com.Sandra.MoviesNYTReviews;
				PRODUCT_NAME = "$(TARGET_NAME)";
				SWIFT_VERSION = 3.0;
			};
			name = Debug;
		};
		EBF89A7C1DFECC0F00EC72D6 /* Release */ = {
			isa = XCBuildConfiguration;
			baseConfigurationReference = 848429F278145BD1AFB4D0F6 /* Pods-MoviesNYTReviews.release.xcconfig */;
			buildSettings = {
				ASSETCATALOG_COMPILER_APPICON_NAME = AppIcon;
				DEVELOPMENT_TEAM = S9U63P9Q69;
				INFOPLIST_FILE = MoviesNYTReviews/Info.plist;
				IPHONEOS_DEPLOYMENT_TARGET = 9.0;
				LD_RUNPATH_SEARCH_PATHS = "$(inherited) @executable_path/Frameworks";
				PRODUCT_BUNDLE_IDENTIFIER = com.Sandra.MoviesNYTReviews;
				PRODUCT_NAME = "$(TARGET_NAME)";
				SWIFT_VERSION = 3.0;
			};
			name = Release;
		};
		EBF89A7E1DFECC0F00EC72D6 /* Debug */ = {
			isa = XCBuildConfiguration;
			baseConfigurationReference = 36A8F7118B8EF68D217D3103 /* Pods-MoviesNYTReviewsTests.debug.xcconfig */;
			buildSettings = {
				ALWAYS_EMBED_SWIFT_STANDARD_LIBRARIES = YES;
				BUNDLE_LOADER = "$(TEST_HOST)";
				INFOPLIST_FILE = MoviesNYTReviewsTests/Info.plist;
				LD_RUNPATH_SEARCH_PATHS = "$(inherited) @executable_path/Frameworks @loader_path/Frameworks";
				PRODUCT_BUNDLE_IDENTIFIER = com.Sandra.MoviesNYTReviewsTests;
				PRODUCT_NAME = "$(TARGET_NAME)";
				SWIFT_VERSION = 3.0;
				TEST_HOST = "$(BUILT_PRODUCTS_DIR)/MoviesNYTReviews.app/MoviesNYTReviews";
			};
			name = Debug;
		};
		EBF89A7F1DFECC0F00EC72D6 /* Release */ = {
			isa = XCBuildConfiguration;
			baseConfigurationReference = D95795FCE77119383C6171CE /* Pods-MoviesNYTReviewsTests.release.xcconfig */;
			buildSettings = {
				ALWAYS_EMBED_SWIFT_STANDARD_LIBRARIES = YES;
				BUNDLE_LOADER = "$(TEST_HOST)";
				INFOPLIST_FILE = MoviesNYTReviewsTests/Info.plist;
				LD_RUNPATH_SEARCH_PATHS = "$(inherited) @executable_path/Frameworks @loader_path/Frameworks";
				PRODUCT_BUNDLE_IDENTIFIER = com.Sandra.MoviesNYTReviewsTests;
				PRODUCT_NAME = "$(TARGET_NAME)";
				SWIFT_VERSION = 3.0;
				TEST_HOST = "$(BUILT_PRODUCTS_DIR)/MoviesNYTReviews.app/MoviesNYTReviews";
			};
			name = Release;
		};
		EBF89A811DFECC0F00EC72D6 /* Debug */ = {
			isa = XCBuildConfiguration;
			baseConfigurationReference = FB0F3EEC5E59527C7C707385 /* Pods-MoviesNYTReviewsUITests.debug.xcconfig */;
			buildSettings = {
				ALWAYS_EMBED_SWIFT_STANDARD_LIBRARIES = YES;
				INFOPLIST_FILE = MoviesNYTReviewsUITests/Info.plist;
				LD_RUNPATH_SEARCH_PATHS = "$(inherited) @executable_path/Frameworks @loader_path/Frameworks";
				PRODUCT_BUNDLE_IDENTIFIER = com.Sandra.MoviesNYTReviewsUITests;
				PRODUCT_NAME = "$(TARGET_NAME)";
				SWIFT_VERSION = 3.0;
				TEST_TARGET_NAME = MoviesNYTReviews;
			};
			name = Debug;
		};
		EBF89A821DFECC0F00EC72D6 /* Release */ = {
			isa = XCBuildConfiguration;
			baseConfigurationReference = 086BF4B5EA6B2773649DD184 /* Pods-MoviesNYTReviewsUITests.release.xcconfig */;
			buildSettings = {
				ALWAYS_EMBED_SWIFT_STANDARD_LIBRARIES = YES;
				INFOPLIST_FILE = MoviesNYTReviewsUITests/Info.plist;
				LD_RUNPATH_SEARCH_PATHS = "$(inherited) @executable_path/Frameworks @loader_path/Frameworks";
				PRODUCT_BUNDLE_IDENTIFIER = com.Sandra.MoviesNYTReviewsUITests;
				PRODUCT_NAME = "$(TARGET_NAME)";
				SWIFT_VERSION = 3.0;
				TEST_TARGET_NAME = MoviesNYTReviews;
			};
			name = Release;
		};
/* End XCBuildConfiguration section */

/* Begin XCConfigurationList section */
		EBF89A4A1DFECC0E00EC72D6 /* Build configuration list for PBXProject "MoviesNYTReviews" */ = {
			isa = XCConfigurationList;
			buildConfigurations = (
				EBF89A781DFECC0F00EC72D6 /* Debug */,
				EBF89A791DFECC0F00EC72D6 /* Release */,
			);
			defaultConfigurationIsVisible = 0;
			defaultConfigurationName = Release;
		};
		EBF89A7A1DFECC0F00EC72D6 /* Build configuration list for PBXNativeTarget "MoviesNYTReviews" */ = {
			isa = XCConfigurationList;
			buildConfigurations = (
				EBF89A7B1DFECC0F00EC72D6 /* Debug */,
				EBF89A7C1DFECC0F00EC72D6 /* Release */,
			);
			defaultConfigurationIsVisible = 0;
			defaultConfigurationName = Release;
		};
		EBF89A7D1DFECC0F00EC72D6 /* Build configuration list for PBXNativeTarget "MoviesNYTReviewsTests" */ = {
			isa = XCConfigurationList;
			buildConfigurations = (
				EBF89A7E1DFECC0F00EC72D6 /* Debug */,
				EBF89A7F1DFECC0F00EC72D6 /* Release */,
			);
			defaultConfigurationIsVisible = 0;
			defaultConfigurationName = Release;
		};
		EBF89A801DFECC0F00EC72D6 /* Build configuration list for PBXNativeTarget "MoviesNYTReviewsUITests" */ = {
			isa = XCConfigurationList;
			buildConfigurations = (
				EBF89A811DFECC0F00EC72D6 /* Debug */,
				EBF89A821DFECC0F00EC72D6 /* Release */,
			);
			defaultConfigurationIsVisible = 0;
			defaultConfigurationName = Release;
		};
/* End XCConfigurationList section */

/* Begin XCVersionGroup section */
		EBF89A591DFECC0E00EC72D6 /* MoviesNYTReviews.xcdatamodeld */ = {
			isa = XCVersionGroup;
			children = (
				EBF89A5A1DFECC0E00EC72D6 /* MoviesNYTReviews.xcdatamodel */,
			);
			currentVersion = EBF89A5A1DFECC0E00EC72D6 /* MoviesNYTReviews.xcdatamodel */;
			path = MoviesNYTReviews.xcdatamodeld;
			sourceTree = "<group>";
			versionGroupType = wrapper.xcdatamodel;
		};
/* End XCVersionGroup section */
	};
	rootObject = EBF89A471DFECC0E00EC72D6 /* Project object */;
}
