// !$*UTF8*$!
{
	archiveVersion = 1;
	classes = {
	};
	objectVersion = 46;
	objects = {

/* Begin PBXBuildFile section */
		B6EF7F0F1E06932200DA796F /* ApiManager.swift in Sources */ = {isa = PBXBuildFile; fileRef = B6EF7F0E1E06932200DA796F /* ApiManager.swift */; };
		EBD235E21E01612D00C99070 /* HomeVC.swift in Sources */ = {isa = PBXBuildFile; fileRef = EBD235E11E01612D00C99070 /* HomeVC.swift */; };
		EBD235F61E0169A100C99070 /* Alamofire.framework in Frameworks */ = {isa = PBXBuildFile; fileRef = EBD235F41E0169A100C99070 /* Alamofire.framework */; };
		EBD235F71E0169A100C99070 /* Alamofire.framework in Embed Frameworks */ = {isa = PBXBuildFile; fileRef = EBD235F41E0169A100C99070 /* Alamofire.framework */; settings = {ATTRIBUTES = (CodeSignOnCopy, RemoveHeadersOnCopy, ); }; };
		EBD235F81E0169A100C99070 /* SwiftyJSON.framework in Frameworks */ = {isa = PBXBuildFile; fileRef = EBD235F51E0169A100C99070 /* SwiftyJSON.framework */; };
		EBD235F91E0169A100C99070 /* SwiftyJSON.framework in Embed Frameworks */ = {isa = PBXBuildFile; fileRef = EBD235F51E0169A100C99070 /* SwiftyJSON.framework */; settings = {ATTRIBUTES = (CodeSignOnCopy, RemoveHeadersOnCopy, ); }; };
		EBD235FB1E016E2700C99070 /* MovieListCell.swift in Sources */ = {isa = PBXBuildFile; fileRef = EBD235FA1E016E2700C99070 /* MovieListCell.swift */; };
		EBD235FD1E016F4000C99070 /* DetailVC.swift in Sources */ = {isa = PBXBuildFile; fileRef = EBD235FC1E016F4000C99070 /* DetailVC.swift */; };
		EBE4627E1E01491300ADF6C1 /* AppDelegate.swift in Sources */ = {isa = PBXBuildFile; fileRef = EBE4627D1E01491300ADF6C1 /* AppDelegate.swift */; };
		EBE462831E01491300ADF6C1 /* Main.storyboard in Resources */ = {isa = PBXBuildFile; fileRef = EBE462811E01491300ADF6C1 /* Main.storyboard */; };
		EBE462861E01491300ADF6C1 /* MovieNYTReviews.xcdatamodeld in Sources */ = {isa = PBXBuildFile; fileRef = EBE462841E01491300ADF6C1 /* MovieNYTReviews.xcdatamodeld */; };
		EBE462881E01491300ADF6C1 /* Assets.xcassets in Resources */ = {isa = PBXBuildFile; fileRef = EBE462871E01491300ADF6C1 /* Assets.xcassets */; };
		EBE4628B1E01491300ADF6C1 /* LaunchScreen.storyboard in Resources */ = {isa = PBXBuildFile; fileRef = EBE462891E01491300ADF6C1 /* LaunchScreen.storyboard */; };
		EBE462961E01491300ADF6C1 /* MovieNYTReviewsTests.swift in Sources */ = {isa = PBXBuildFile; fileRef = EBE462951E01491300ADF6C1 /* MovieNYTReviewsTests.swift */; };
		EBE462A11E01491300ADF6C1 /* MovieNYTReviewsUITests.swift in Sources */ = {isa = PBXBuildFile; fileRef = EBE462A01E01491300ADF6C1 /* MovieNYTReviewsUITests.swift */; };
/* End PBXBuildFile section */

/* Begin PBXContainerItemProxy section */
		EBE462921E01491300ADF6C1 /* PBXContainerItemProxy */ = {
			isa = PBXContainerItemProxy;
			containerPortal = EBE462721E01491300ADF6C1 /* Project object */;
			proxyType = 1;
			remoteGlobalIDString = EBE462791E01491300ADF6C1;
			remoteInfo = MovieNYTReviews;
		};
		EBE4629D1E01491300ADF6C1 /* PBXContainerItemProxy */ = {
			isa = PBXContainerItemProxy;
			containerPortal = EBE462721E01491300ADF6C1 /* Project object */;
			proxyType = 1;
			remoteGlobalIDString = EBE462791E01491300ADF6C1;
			remoteInfo = MovieNYTReviews;
		};
/* End PBXContainerItemProxy section */

/* Begin PBXCopyFilesBuildPhase section */
		EBD235F31E01693800C99070 /* Embed Frameworks */ = {
			isa = PBXCopyFilesBuildPhase;
			buildActionMask = 2147483647;
			dstPath = "";
			dstSubfolderSpec = 10;
			files = (
				EBD235F91E0169A100C99070 /* SwiftyJSON.framework in Embed Frameworks */,
				EBD235F71E0169A100C99070 /* Alamofire.framework in Embed Frameworks */,
			);
			name = "Embed Frameworks";
			runOnlyForDeploymentPostprocessing = 0;
		};
/* End PBXCopyFilesBuildPhase section */

/* Begin PBXFileReference section */
		B6EF7F0E1E06932200DA796F /* ApiManager.swift */ = {isa = PBXFileReference; fileEncoding = 4; lastKnownFileType = sourcecode.swift; name = ApiManager.swift; path = MovieNYTReviews/ApiManager.swift; sourceTree = SOURCE_ROOT; };
		EBD235E11E01612D00C99070 /* HomeVC.swift */ = {isa = PBXFileReference; fileEncoding = 4; lastKnownFileType = sourcecode.swift; path = HomeVC.swift; sourceTree = "<group>"; };
		EBD235F41E0169A100C99070 /* Alamofire.framework */ = {isa = PBXFileReference; lastKnownFileType = wrapper.framework; name = Alamofire.framework; path = Carthage/Build/iOS/Alamofire.framework; sourceTree = "<group>"; };
		EBD235F51E0169A100C99070 /* SwiftyJSON.framework */ = {isa = PBXFileReference; lastKnownFileType = wrapper.framework; name = SwiftyJSON.framework; path = Carthage/Build/iOS/SwiftyJSON.framework; sourceTree = "<group>"; };
		EBD235FA1E016E2700C99070 /* MovieListCell.swift */ = {isa = PBXFileReference; fileEncoding = 4; lastKnownFileType = sourcecode.swift; path = MovieListCell.swift; sourceTree = "<group>"; };
		EBD235FC1E016F4000C99070 /* DetailVC.swift */ = {isa = PBXFileReference; fileEncoding = 4; lastKnownFileType = sourcecode.swift; path = DetailVC.swift; sourceTree = "<group>"; };
		EBE4627A1E01491300ADF6C1 /* MovieNYTReviews.app */ = {isa = PBXFileReference; explicitFileType = wrapper.application; includeInIndex = 0; path = MovieNYTReviews.app; sourceTree = BUILT_PRODUCTS_DIR; };
		EBE4627D1E01491300ADF6C1 /* AppDelegate.swift */ = {isa = PBXFileReference; lastKnownFileType = sourcecode.swift; path = AppDelegate.swift; sourceTree = "<group>"; };
		EBE462821E01491300ADF6C1 /* Base */ = {isa = PBXFileReference; lastKnownFileType = file.storyboard; name = Base; path = Base.lproj/Main.storyboard; sourceTree = "<group>"; };
		EBE462851E01491300ADF6C1 /* MovieNYTReviews.xcdatamodel */ = {isa = PBXFileReference; lastKnownFileType = wrapper.xcdatamodel; path = MovieNYTReviews.xcdatamodel; sourceTree = "<group>"; };
		EBE462871E01491300ADF6C1 /* Assets.xcassets */ = {isa = PBXFileReference; lastKnownFileType = folder.assetcatalog; path = Assets.xcassets; sourceTree = "<group>"; };
		EBE4628A1E01491300ADF6C1 /* Base */ = {isa = PBXFileReference; lastKnownFileType = file.storyboard; name = Base; path = Base.lproj/LaunchScreen.storyboard; sourceTree = "<group>"; };
		EBE4628C1E01491300ADF6C1 /* Info.plist */ = {isa = PBXFileReference; lastKnownFileType = text.plist.xml; path = Info.plist; sourceTree = "<group>"; };
		EBE462911E01491300ADF6C1 /* MovieNYTReviewsTests.xctest */ = {isa = PBXFileReference; explicitFileType = wrapper.cfbundle; includeInIndex = 0; path = MovieNYTReviewsTests.xctest; sourceTree = BUILT_PRODUCTS_DIR; };
		EBE462951E01491300ADF6C1 /* MovieNYTReviewsTests.swift */ = {isa = PBXFileReference; lastKnownFileType = sourcecode.swift; path = MovieNYTReviewsTests.swift; sourceTree = "<group>"; };
		EBE462971E01491300ADF6C1 /* Info.plist */ = {isa = PBXFileReference; lastKnownFileType = text.plist.xml; path = Info.plist; sourceTree = "<group>"; };
		EBE4629C1E01491300ADF6C1 /* MovieNYTReviewsUITests.xctest */ = {isa = PBXFileReference; explicitFileType = wrapper.cfbundle; includeInIndex = 0; path = MovieNYTReviewsUITests.xctest; sourceTree = BUILT_PRODUCTS_DIR; };
		EBE462A01E01491300ADF6C1 /* MovieNYTReviewsUITests.swift */ = {isa = PBXFileReference; lastKnownFileType = sourcecode.swift; path = MovieNYTReviewsUITests.swift; sourceTree = "<group>"; };
		EBE462A21E01491300ADF6C1 /* Info.plist */ = {isa = PBXFileReference; lastKnownFileType = text.plist.xml; path = Info.plist; sourceTree = "<group>"; };
/* End PBXFileReference section */

/* Begin PBXFrameworksBuildPhase section */
		EBE462771E01491300ADF6C1 /* Frameworks */ = {
			isa = PBXFrameworksBuildPhase;
			buildActionMask = 2147483647;
			files = (
				EBD235F81E0169A100C99070 /* SwiftyJSON.framework in Frameworks */,
				EBD235F61E0169A100C99070 /* Alamofire.framework in Frameworks */,
			);
			runOnlyForDeploymentPostprocessing = 0;
		};
		EBE4628E1E01491300ADF6C1 /* Frameworks */ = {
			isa = PBXFrameworksBuildPhase;
			buildActionMask = 2147483647;
			files = (
			);
			runOnlyForDeploymentPostprocessing = 0;
		};
		EBE462991E01491300ADF6C1 /* Frameworks */ = {
			isa = PBXFrameworksBuildPhase;
			buildActionMask = 2147483647;
			files = (
			);
			runOnlyForDeploymentPostprocessing = 0;
		};
/* End PBXFrameworksBuildPhase section */

/* Begin PBXGroup section */
		EBD235D61E015A7B00C99070 /* Frameworks */ = {
			isa = PBXGroup;
			children = (
				EBD235F41E0169A100C99070 /* Alamofire.framework */,
				EBD235F51E0169A100C99070 /* SwiftyJSON.framework */,
			);
			name = Frameworks;
			sourceTree = "<group>";
		};
		EBD235DF1E01610B00C99070 /* Api */ = {
			isa = PBXGroup;
			children = (
				B6EF7F0E1E06932200DA796F /* ApiManager.swift */,
			);
			path = Api;
			sourceTree = "<group>";
		};
		EBD235E01E01610B00C99070 /* ViewControllers */ = {
			isa = PBXGroup;
			children = (
				EBD235E11E01612D00C99070 /* HomeVC.swift */,
				EBD235FA1E016E2700C99070 /* MovieListCell.swift */,
				EBD235FC1E016F4000C99070 /* DetailVC.swift */,
			);
			path = ViewControllers;
			sourceTree = "<group>";
		};
		EBE462711E01491300ADF6C1 = {
			isa = PBXGroup;
			children = (
				EBE4627C1E01491300ADF6C1 /* MovieNYTReviews */,
				EBE462941E01491300ADF6C1 /* MovieNYTReviewsTests */,
				EBE4629F1E01491300ADF6C1 /* MovieNYTReviewsUITests */,
				EBE4627B1E01491300ADF6C1 /* Products */,
				EBD235D61E015A7B00C99070 /* Frameworks */,
			);
			sourceTree = "<group>";
		};
		EBE4627B1E01491300ADF6C1 /* Products */ = {
			isa = PBXGroup;
			children = (
				EBE4627A1E01491300ADF6C1 /* MovieNYTReviews.app */,
				EBE462911E01491300ADF6C1 /* MovieNYTReviewsTests.xctest */,
				EBE4629C1E01491300ADF6C1 /* MovieNYTReviewsUITests.xctest */,
			);
			name = Products;
			sourceTree = "<group>";
		};
		EBE4627C1E01491300ADF6C1 /* MovieNYTReviews */ = {
			isa = PBXGroup;
			children = (
				EBD235DF1E01610B00C99070 /* Api */,
				EBD235E01E01610B00C99070 /* ViewControllers */,
				EBE4627D1E01491300ADF6C1 /* AppDelegate.swift */,
				EBE462811E01491300ADF6C1 /* Main.storyboard */,
				EBE462871E01491300ADF6C1 /* Assets.xcassets */,
				EBE462891E01491300ADF6C1 /* LaunchScreen.storyboard */,
				EBE4628C1E01491300ADF6C1 /* Info.plist */,
				EBE462841E01491300ADF6C1 /* MovieNYTReviews.xcdatamodeld */,
			);
			path = MovieNYTReviews;
			sourceTree = "<group>";
		};
		EBE462941E01491300ADF6C1 /* MovieNYTReviewsTests */ = {
			isa = PBXGroup;
			children = (
				EBE462951E01491300ADF6C1 /* MovieNYTReviewsTests.swift */,
				EBE462971E01491300ADF6C1 /* Info.plist */,
			);
			path = MovieNYTReviewsTests;
			sourceTree = "<group>";
		};
		EBE4629F1E01491300ADF6C1 /* MovieNYTReviewsUITests */ = {
			isa = PBXGroup;
			children = (
				EBE462A01E01491300ADF6C1 /* MovieNYTReviewsUITests.swift */,
				EBE462A21E01491300ADF6C1 /* Info.plist */,
			);
			path = MovieNYTReviewsUITests;
			sourceTree = "<group>";
		};
/* End PBXGroup section */

/* Begin PBXNativeTarget section */
		EBE462791E01491300ADF6C1 /* MovieNYTReviews */ = {
			isa = PBXNativeTarget;
			buildConfigurationList = EBE462A51E01491300ADF6C1 /* Build configuration list for PBXNativeTarget "MovieNYTReviews" */;
			buildPhases = (
				EBE462761E01491300ADF6C1 /* Sources */,
				EBE462771E01491300ADF6C1 /* Frameworks */,
				EBE462781E01491300ADF6C1 /* Resources */,
				EBD235F31E01693800C99070 /* Embed Frameworks */,
			);
			buildRules = (
			);
			dependencies = (
			);
			name = MovieNYTReviews;
			productName = MovieNYTReviews;
			productReference = EBE4627A1E01491300ADF6C1 /* MovieNYTReviews.app */;
			productType = "com.apple.product-type.application";
		};
		EBE462901E01491300ADF6C1 /* MovieNYTReviewsTests */ = {
			isa = PBXNativeTarget;
			buildConfigurationList = EBE462A81E01491300ADF6C1 /* Build configuration list for PBXNativeTarget "MovieNYTReviewsTests" */;
			buildPhases = (
				EBE4628D1E01491300ADF6C1 /* Sources */,
				EBE4628E1E01491300ADF6C1 /* Frameworks */,
				EBE4628F1E01491300ADF6C1 /* Resources */,
			);
			buildRules = (
			);
			dependencies = (
				EBE462931E01491300ADF6C1 /* PBXTargetDependency */,
			);
			name = MovieNYTReviewsTests;
			productName = MovieNYTReviewsTests;
			productReference = EBE462911E01491300ADF6C1 /* MovieNYTReviewsTests.xctest */;
			productType = "com.apple.product-type.bundle.unit-test";
		};
		EBE4629B1E01491300ADF6C1 /* MovieNYTReviewsUITests */ = {
			isa = PBXNativeTarget;
			buildConfigurationList = EBE462AB1E01491300ADF6C1 /* Build configuration list for PBXNativeTarget "MovieNYTReviewsUITests" */;
			buildPhases = (
				EBE462981E01491300ADF6C1 /* Sources */,
				EBE462991E01491300ADF6C1 /* Frameworks */,
				EBE4629A1E01491300ADF6C1 /* Resources */,
			);
			buildRules = (
			);
			dependencies = (
				EBE4629E1E01491300ADF6C1 /* PBXTargetDependency */,
			);
			name = MovieNYTReviewsUITests;
			productName = MovieNYTReviewsUITests;
			productReference = EBE4629C1E01491300ADF6C1 /* MovieNYTReviewsUITests.xctest */;
			productType = "com.apple.product-type.bundle.ui-testing";
		};
/* End PBXNativeTarget section */

/* Begin PBXProject section */
		EBE462721E01491300ADF6C1 /* Project object */ = {
			isa = PBXProject;
			attributes = {
				LastSwiftUpdateCheck = 0810;
				LastUpgradeCheck = 0810;
				ORGANIZATIONNAME = Sandra;
				TargetAttributes = {
					EBE462791E01491300ADF6C1 = {
						CreatedOnToolsVersion = 8.1;
						DevelopmentTeam = GKD62JWZ34;
						ProvisioningStyle = Automatic;
					};
					EBE462901E01491300ADF6C1 = {
						CreatedOnToolsVersion = 8.1;
						ProvisioningStyle = Automatic;
						TestTargetID = EBE462791E01491300ADF6C1;
					};
					EBE4629B1E01491300ADF6C1 = {
						CreatedOnToolsVersion = 8.1;
						ProvisioningStyle = Automatic;
						TestTargetID = EBE462791E01491300ADF6C1;
					};
				};
			};
			buildConfigurationList = EBE462751E01491300ADF6C1 /* Build configuration list for PBXProject "MovieNYTReviews" */;
			compatibilityVersion = "Xcode 3.2";
			developmentRegion = English;
			hasScannedForEncodings = 0;
			knownRegions = (
				en,
				Base,
			);
			mainGroup = EBE462711E01491300ADF6C1;
			productRefGroup = EBE4627B1E01491300ADF6C1 /* Products */;
			projectDirPath = "";
			projectRoot = "";
			targets = (
				EBE462791E01491300ADF6C1 /* MovieNYTReviews */,
				EBE462901E01491300ADF6C1 /* MovieNYTReviewsTests */,
				EBE4629B1E01491300ADF6C1 /* MovieNYTReviewsUITests */,
			);
		};
/* End PBXProject section */

/* Begin PBXResourcesBuildPhase section */
		EBE462781E01491300ADF6C1 /* Resources */ = {
			isa = PBXResourcesBuildPhase;
			buildActionMask = 2147483647;
			files = (
				EBE4628B1E01491300ADF6C1 /* LaunchScreen.storyboard in Resources */,
				EBE462881E01491300ADF6C1 /* Assets.xcassets in Resources */,
				EBE462831E01491300ADF6C1 /* Main.storyboard in Resources */,
			);
			runOnlyForDeploymentPostprocessing = 0;
		};
		EBE4628F1E01491300ADF6C1 /* Resources */ = {
			isa = PBXResourcesBuildPhase;
			buildActionMask = 2147483647;
			files = (
			);
			runOnlyForDeploymentPostprocessing = 0;
		};
		EBE4629A1E01491300ADF6C1 /* Resources */ = {
			isa = PBXResourcesBuildPhase;
			buildActionMask = 2147483647;
			files = (
			);
			runOnlyForDeploymentPostprocessing = 0;
		};
/* End PBXResourcesBuildPhase section */

/* Begin PBXSourcesBuildPhase section */
		EBE462761E01491300ADF6C1 /* Sources */ = {
			isa = PBXSourcesBuildPhase;
			buildActionMask = 2147483647;
			files = (
				EBD235FD1E016F4000C99070 /* DetailVC.swift in Sources */,
				EBD235E21E01612D00C99070 /* HomeVC.swift in Sources */,
				EBE4627E1E01491300ADF6C1 /* AppDelegate.swift in Sources */,
				EBD235FB1E016E2700C99070 /* MovieListCell.swift in Sources */,
				B6EF7F0F1E06932200DA796F /* ApiManager.swift in Sources */,
				EBE462861E01491300ADF6C1 /* MovieNYTReviews.xcdatamodeld in Sources */,
			);
			runOnlyForDeploymentPostprocessing = 0;
		};
		EBE4628D1E01491300ADF6C1 /* Sources */ = {
			isa = PBXSourcesBuildPhase;
			buildActionMask = 2147483647;
			files = (
				EBE462961E01491300ADF6C1 /* MovieNYTReviewsTests.swift in Sources */,
			);
			runOnlyForDeploymentPostprocessing = 0;
		};
		EBE462981E01491300ADF6C1 /* Sources */ = {
			isa = PBXSourcesBuildPhase;
			buildActionMask = 2147483647;
			files = (
				EBE462A11E01491300ADF6C1 /* MovieNYTReviewsUITests.swift in Sources */,
			);
			runOnlyForDeploymentPostprocessing = 0;
		};
/* End PBXSourcesBuildPhase section */

/* Begin PBXTargetDependency section */
		EBE462931E01491300ADF6C1 /* PBXTargetDependency */ = {
			isa = PBXTargetDependency;
			target = EBE462791E01491300ADF6C1 /* MovieNYTReviews */;
			targetProxy = EBE462921E01491300ADF6C1 /* PBXContainerItemProxy */;
		};
		EBE4629E1E01491300ADF6C1 /* PBXTargetDependency */ = {
			isa = PBXTargetDependency;
			target = EBE462791E01491300ADF6C1 /* MovieNYTReviews */;
			targetProxy = EBE4629D1E01491300ADF6C1 /* PBXContainerItemProxy */;
		};
/* End PBXTargetDependency section */

/* Begin PBXVariantGroup section */
		EBE462811E01491300ADF6C1 /* Main.storyboard */ = {
			isa = PBXVariantGroup;
			children = (
				EBE462821E01491300ADF6C1 /* Base */,
			);
			name = Main.storyboard;
			sourceTree = "<group>";
		};
		EBE462891E01491300ADF6C1 /* LaunchScreen.storyboard */ = {
			isa = PBXVariantGroup;
			children = (
				EBE4628A1E01491300ADF6C1 /* Base */,
			);
			name = LaunchScreen.storyboard;
			sourceTree = "<group>";
		};
/* End PBXVariantGroup section */

/* Begin XCBuildConfiguration section */
		EBE462A31E01491300ADF6C1 /* Debug */ = {
			isa = XCBuildConfiguration;
			buildSettings = {
				ALWAYS_SEARCH_USER_PATHS = NO;
				CLANG_ANALYZER_NONNULL = YES;
				CLANG_CXX_LANGUAGE_STANDARD = "gnu++0x";
				CLANG_CXX_LIBRARY = "libc++";
				CLANG_ENABLE_MODULES = YES;
				CLANG_ENABLE_OBJC_ARC = YES;
				CLANG_WARN_BOOL_CONVERSION = YES;
				CLANG_WARN_CONSTANT_CONVERSION = YES;
				CLANG_WARN_DIRECT_OBJC_ISA_USAGE = YES_ERROR;
				CLANG_WARN_DOCUMENTATION_COMMENTS = YES;
				CLANG_WARN_EMPTY_BODY = YES;
				CLANG_WARN_ENUM_CONVERSION = YES;
				CLANG_WARN_INFINITE_RECURSION = YES;
				CLANG_WARN_INT_CONVERSION = YES;
				CLANG_WARN_OBJC_ROOT_CLASS = YES_ERROR;
				CLANG_WARN_SUSPICIOUS_MOVES = YES;
				CLANG_WARN_UNREACHABLE_CODE = YES;
				CLANG_WARN__DUPLICATE_METHOD_MATCH = YES;
				"CODE_SIGN_IDENTITY[sdk=iphoneos*]" = "iPhone Developer";
				COPY_PHASE_STRIP = NO;
				DEBUG_INFORMATION_FORMAT = dwarf;
				ENABLE_STRICT_OBJC_MSGSEND = YES;
				ENABLE_TESTABILITY = YES;
				GCC_C_LANGUAGE_STANDARD = gnu99;
				GCC_DYNAMIC_NO_PIC = NO;
				GCC_NO_COMMON_BLOCKS = YES;
				GCC_OPTIMIZATION_LEVEL = 0;
				GCC_PREPROCESSOR_DEFINITIONS = (
					"DEBUG=1",
					"$(inherited)",
				);
				GCC_WARN_64_TO_32_BIT_CONVERSION = YES;
				GCC_WARN_ABOUT_RETURN_TYPE = YES_ERROR;
				GCC_WARN_UNDECLARED_SELECTOR = YES;
				GCC_WARN_UNINITIALIZED_AUTOS = YES_AGGRESSIVE;
				GCC_WARN_UNUSED_FUNCTION = YES;
				GCC_WARN_UNUSED_VARIABLE = YES;
				IPHONEOS_DEPLOYMENT_TARGET = 10.1;
				MTL_ENABLE_DEBUG_INFO = YES;
				ONLY_ACTIVE_ARCH = YES;
				SDKROOT = iphoneos;
				SWIFT_ACTIVE_COMPILATION_CONDITIONS = DEBUG;
				SWIFT_OPTIMIZATION_LEVEL = "-Onone";
				TARGETED_DEVICE_FAMILY = "1,2";
			};
			name = Debug;
		};
		EBE462A41E01491300ADF6C1 /* Release */ = {
			isa = XCBuildConfiguration;
			buildSettings = {
				ALWAYS_SEARCH_USER_PATHS = NO;
				CLANG_ANALYZER_NONNULL = YES;
				CLANG_CXX_LANGUAGE_STANDARD = "gnu++0x";
				CLANG_CXX_LIBRARY = "libc++";
				CLANG_ENABLE_MODULES = YES;
				CLANG_ENABLE_OBJC_ARC = YES;
				CLANG_WARN_BOOL_CONVERSION = YES;
				CLANG_WARN_CONSTANT_CONVERSION = YES;
				CLANG_WARN_DIRECT_OBJC_ISA_USAGE = YES_ERROR;
				CLANG_WARN_DOCUMENTATION_COMMENTS = YES;
				CLANG_WARN_EMPTY_BODY = YES;
				CLANG_WARN_ENUM_CONVERSION = YES;
				CLANG_WARN_INFINITE_RECURSION = YES;
				CLANG_WARN_INT_CONVERSION = YES;
				CLANG_WARN_OBJC_ROOT_CLASS = YES_ERROR;
				CLANG_WARN_SUSPICIOUS_MOVES = YES;
				CLANG_WARN_UNREACHABLE_CODE = YES;
				CLANG_WARN__DUPLICATE_METHOD_MATCH = YES;
				"CODE_SIGN_IDENTITY[sdk=iphoneos*]" = "iPhone Developer";
				COPY_PHASE_STRIP = NO;
				DEBUG_INFORMATION_FORMAT = "dwarf-with-dsym";
				ENABLE_NS_ASSERTIONS = NO;
				ENABLE_STRICT_OBJC_MSGSEND = YES;
				GCC_C_LANGUAGE_STANDARD = gnu99;
				GCC_NO_COMMON_BLOCKS = YES;
				GCC_WARN_64_TO_32_BIT_CONVERSION = YES;
				GCC_WARN_ABOUT_RETURN_TYPE = YES_ERROR;
				GCC_WARN_UNDECLARED_SELECTOR = YES;
				GCC_WARN_UNINITIALIZED_AUTOS = YES_AGGRESSIVE;
				GCC_WARN_UNUSED_FUNCTION = YES;
				GCC_WARN_UNUSED_VARIABLE = YES;
				IPHONEOS_DEPLOYMENT_TARGET = 10.1;
				MTL_ENABLE_DEBUG_INFO = NO;
				SDKROOT = iphoneos;
				SWIFT_OPTIMIZATION_LEVEL = "-Owholemodule";
				TARGETED_DEVICE_FAMILY = "1,2";
				VALIDATE_PRODUCT = YES;
			};
			name = Release;
		};
		EBE462A61E01491300ADF6C1 /* Debug */ = {
			isa = XCBuildConfiguration;
			buildSettings = {
				ASSETCATALOG_COMPILER_APPICON_NAME = AppIcon;
				DEVELOPMENT_TEAM = GKD62JWZ34;
				FRAMEWORK_SEARCH_PATHS = (
					"$(inherited)",
					"$(PROJECT_DIR)/Carthage/Build/iOS",
					"$(PROJECT_DIR)/Carthage/Build/Mac",
				);
				INFOPLIST_FILE = MovieNYTReviews/Info.plist;
				IPHONEOS_DEPLOYMENT_TARGET = 9.0;
				LD_RUNPATH_SEARCH_PATHS = "$(inherited) @executable_path/Frameworks";
				PRODUCT_BUNDLE_IDENTIFIER = com.Sandra.MovieNYTReviews;
				PRODUCT_NAME = "$(TARGET_NAME)";
				SWIFT_VERSION = 3.0;
			};
			name = Debug;
		};
		EBE462A71E01491300ADF6C1 /* Release */ = {
			isa = XCBuildConfiguration;
			buildSettings = {
				ASSETCATALOG_COMPILER_APPICON_NAME = AppIcon;
				DEVELOPMENT_TEAM = GKD62JWZ34;
				FRAMEWORK_SEARCH_PATHS = (
					"$(inherited)",
					"$(PROJECT_DIR)/Carthage/Build/iOS",
					"$(PROJECT_DIR)/Carthage/Build/Mac",
				);
				INFOPLIST_FILE = MovieNYTReviews/Info.plist;
				IPHONEOS_DEPLOYMENT_TARGET = 9.0;
				LD_RUNPATH_SEARCH_PATHS = "$(inherited) @executable_path/Frameworks";
				PRODUCT_BUNDLE_IDENTIFIER = com.Sandra.MovieNYTReviews;
				PRODUCT_NAME = "$(TARGET_NAME)";
				SWIFT_VERSION = 3.0;
			};
			name = Release;
		};
		EBE462A91E01491300ADF6C1 /* Debug */ = {
			isa = XCBuildConfiguration;
			buildSettings = {
				ALWAYS_EMBED_SWIFT_STANDARD_LIBRARIES = YES;
				BUNDLE_LOADER = "$(TEST_HOST)";
				INFOPLIST_FILE = MovieNYTReviewsTests/Info.plist;
				LD_RUNPATH_SEARCH_PATHS = "$(inherited) @executable_path/Frameworks @loader_path/Frameworks";
				PRODUCT_BUNDLE_IDENTIFIER = com.Sandra.MovieNYTReviewsTests;
				PRODUCT_NAME = "$(TARGET_NAME)";
				SWIFT_VERSION = 3.0;
				TEST_HOST = "$(BUILT_PRODUCTS_DIR)/MovieNYTReviews.app/MovieNYTReviews";
			};
			name = Debug;
		};
		EBE462AA1E01491300ADF6C1 /* Release */ = {
			isa = XCBuildConfiguration;
			buildSettings = {
				ALWAYS_EMBED_SWIFT_STANDARD_LIBRARIES = YES;
				BUNDLE_LOADER = "$(TEST_HOST)";
				INFOPLIST_FILE = MovieNYTReviewsTests/Info.plist;
				LD_RUNPATH_SEARCH_PATHS = "$(inherited) @executable_path/Frameworks @loader_path/Frameworks";
				PRODUCT_BUNDLE_IDENTIFIER = com.Sandra.MovieNYTReviewsTests;
				PRODUCT_NAME = "$(TARGET_NAME)";
				SWIFT_VERSION = 3.0;
				TEST_HOST = "$(BUILT_PRODUCTS_DIR)/MovieNYTReviews.app/MovieNYTReviews";
			};
			name = Release;
		};
		EBE462AC1E01491300ADF6C1 /* Debug */ = {
			isa = XCBuildConfiguration;
			buildSettings = {
				ALWAYS_EMBED_SWIFT_STANDARD_LIBRARIES = YES;
				INFOPLIST_FILE = MovieNYTReviewsUITests/Info.plist;
				LD_RUNPATH_SEARCH_PATHS = "$(inherited) @executable_path/Frameworks @loader_path/Frameworks";
				PRODUCT_BUNDLE_IDENTIFIER = com.Sandra.MovieNYTReviewsUITests;
				PRODUCT_NAME = "$(TARGET_NAME)";
				SWIFT_VERSION = 3.0;
				TEST_TARGET_NAME = MovieNYTReviews;
			};
			name = Debug;
		};
		EBE462AD1E01491300ADF6C1 /* Release */ = {
			isa = XCBuildConfiguration;
			buildSettings = {
				ALWAYS_EMBED_SWIFT_STANDARD_LIBRARIES = YES;
				INFOPLIST_FILE = MovieNYTReviewsUITests/Info.plist;
				LD_RUNPATH_SEARCH_PATHS = "$(inherited) @executable_path/Frameworks @loader_path/Frameworks";
				PRODUCT_BUNDLE_IDENTIFIER = com.Sandra.MovieNYTReviewsUITests;
				PRODUCT_NAME = "$(TARGET_NAME)";
				SWIFT_VERSION = 3.0;
				TEST_TARGET_NAME = MovieNYTReviews;
			};
			name = Release;
		};
/* End XCBuildConfiguration section */

/* Begin XCConfigurationList section */
		EBE462751E01491300ADF6C1 /* Build configuration list for PBXProject "MovieNYTReviews" */ = {
			isa = XCConfigurationList;
			buildConfigurations = (
				EBE462A31E01491300ADF6C1 /* Debug */,
				EBE462A41E01491300ADF6C1 /* Release */,
			);
			defaultConfigurationIsVisible = 0;
			defaultConfigurationName = Release;
		};
		EBE462A51E01491300ADF6C1 /* Build configuration list for PBXNativeTarget "MovieNYTReviews" */ = {
			isa = XCConfigurationList;
			buildConfigurations = (
				EBE462A61E01491300ADF6C1 /* Debug */,
				EBE462A71E01491300ADF6C1 /* Release */,
			);
			defaultConfigurationIsVisible = 0;
			defaultConfigurationName = Release;
		};
		EBE462A81E01491300ADF6C1 /* Build configuration list for PBXNativeTarget "MovieNYTReviewsTests" */ = {
			isa = XCConfigurationList;
			buildConfigurations = (
				EBE462A91E01491300ADF6C1 /* Debug */,
				EBE462AA1E01491300ADF6C1 /* Release */,
			);
			defaultConfigurationIsVisible = 0;
			defaultConfigurationName = Release;
		};
		EBE462AB1E01491300ADF6C1 /* Build configuration list for PBXNativeTarget "MovieNYTReviewsUITests" */ = {
			isa = XCConfigurationList;
			buildConfigurations = (
				EBE462AC1E01491300ADF6C1 /* Debug */,
				EBE462AD1E01491300ADF6C1 /* Release */,
			);
			defaultConfigurationIsVisible = 0;
			defaultConfigurationName = Release;
		};
/* End XCConfigurationList section */

/* Begin XCVersionGroup section */
		EBE462841E01491300ADF6C1 /* MovieNYTReviews.xcdatamodeld */ = {
			isa = XCVersionGroup;
			children = (
				EBE462851E01491300ADF6C1 /* MovieNYTReviews.xcdatamodel */,
			);
			currentVersion = EBE462851E01491300ADF6C1 /* MovieNYTReviews.xcdatamodel */;
			path = MovieNYTReviews.xcdatamodeld;
			sourceTree = "<group>";
			versionGroupType = wrapper.xcdatamodel;
		};
/* End XCVersionGroup section */
	};
	rootObject = EBE462721E01491300ADF6C1 /* Project object */;
}
